// !$*UTF8*$!
{
	archiveVersion = 1;
	classes = {
	};
	objectVersion = 46;
	objects = {

/* Begin PBXContainerItemProxy section */
		043FDA291B5F262500E50567 /* PBXContainerItemProxy */ = {
			isa = PBXContainerItemProxy;
			containerPortal = 043FDA231B5F262200E50567 /* TheProgramingOfSwift.xcodeproj */;
			proxyType = 2;
			remoteGlobalIDString = 043FDA191B5F262200E50567;
			remoteInfo = TheProgramingOfSwift;
		};
		0488041E1B57FDB4000449D2 /* PBXContainerItemProxy */ = {
			isa = PBXContainerItemProxy;
			containerPortal = 048804191B57FDB1000449D2 /* SearchMap.xcodeproj */;
			proxyType = 2;
			remoteGlobalIDString = 048803F41B57FDB0000449D2;
			remoteInfo = SearchMap;
		};
		048804201B57FDB4000449D2 /* PBXContainerItemProxy */ = {
			isa = PBXContainerItemProxy;
			containerPortal = 048804191B57FDB1000449D2 /* SearchMap.xcodeproj */;
			proxyType = 2;
			remoteGlobalIDString = 048804091B57FDB1000449D2;
			remoteInfo = SearchMapTests;
		};
/* End PBXContainerItemProxy section */

/* Begin PBXFileReference section */
		043FDA231B5F262200E50567 /* TheProgramingOfSwift.xcodeproj */ = {isa = PBXFileReference; lastKnownFileType = "wrapper.pb-project"; name = TheProgramingOfSwift.xcodeproj; path = TheProgramingOfSwift/TheProgramingOfSwift.xcodeproj; sourceTree = "<group>"; };
		048804191B57FDB1000449D2 /* SearchMap.xcodeproj */ = {isa = PBXFileReference; lastKnownFileType = "wrapper.pb-project"; name = SearchMap.xcodeproj; path = SearchMap/SearchMap.xcodeproj; sourceTree = "<group>"; };
/* End PBXFileReference section */

/* Begin PBXGroup section */
		043FDA241B5F262200E50567 /* Products */ = {
			isa = PBXGroup;
			children = (
				043FDA2A1B5F262500E50567 /* TheProgramingOfSwift */,
			);
			name = Products;
			sourceTree = "<group>";
		};
		048803E21B57F305000449D2 = {
			isa = PBXGroup;
			children = (
				043FDA231B5F262200E50567 /* TheProgramingOfSwift.xcodeproj */,
				048804191B57FDB1000449D2 /* SearchMap.xcodeproj */,
			);
			sourceTree = "<group>";
		};
		0488041A1B57FDB1000449D2 /* Products */ = {
			isa = PBXGroup;
			children = (
				0488041F1B57FDB4000449D2 /* SearchMap.app */,
				048804211B57FDB4000449D2 /* SearchMapTests.xctest */,
			);
			name = Products;
			sourceTree = "<group>";
		};
/* End PBXGroup section */

/* Begin PBXProject section */
		048803E31B57F305000449D2 /* Project object */ = {
			isa = PBXProject;
			attributes = {
				LastUpgradeCheck = 0640;
			};
			buildConfigurationList = 048803E61B57F305000449D2 /* Build configuration list for PBXProject "Swift" */;
			compatibilityVersion = "Xcode 3.2";
			developmentRegion = English;
			hasScannedForEncodings = 0;
			knownRegions = (
				en,
			);
			mainGroup = 048803E21B57F305000449D2;
			projectDirPath = "";
			projectReferences = (
				{
					ProductGroup = 0488041A1B57FDB1000449D2 /* Products */;
					ProjectRef = 048804191B57FDB1000449D2 /* SearchMap.xcodeproj */;
				},
				{
					ProductGroup = 043FDA241B5F262200E50567 /* Products */;
					ProjectRef = 043FDA231B5F262200E50567 /* TheProgramingOfSwift.xcodeproj */;
				},
			);
			projectRoot = "";
			targets = (
			);
		};
/* End PBXProject section */

/* Begin PBXReferenceProxy section */
		043FDA2A1B5F262500E50567 /* TheProgramingOfSwift */ = {
			isa = PBXReferenceProxy;
			fileType = "compiled.mach-o.executable";
			path = TheProgramingOfSwift;
			remoteRef = 043FDA291B5F262500E50567 /* PBXContainerItemProxy */;
			sourceTree = BUILT_PRODUCTS_DIR;
		};
		0488041F1B57FDB4000449D2 /* SearchMap.app */ = {
			isa = PBXReferenceProxy;
			fileType = wrapper.application;
			path = SearchMap.app;
			remoteRef = 0488041E1B57FDB4000449D2 /* PBXContainerItemProxy */;
			sourceTree = BUILT_PRODUCTS_DIR;
		};
		048804211B57FDB4000449D2 /* SearchMapTests.xctest */ = {
			isa = PBXReferenceProxy;
			fileType = wrapper.cfbundle;
			path = SearchMapTests.xctest;
			remoteRef = 048804201B57FDB4000449D2 /* PBXContainerItemProxy */;
			sourceTree = BUILT_PRODUCTS_DIR;
		};
/* End PBXReferenceProxy section */

/* Begin XCBuildConfiguration section */
		048803E71B57F305000449D2 /* Debug */ = {
			isa = XCBuildConfiguration;
			buildSettings = {
			};
			name = Debug;
		};
		048803E81B57F305000449D2 /* Release */ = {
			isa = XCBuildConfiguration;
			buildSettings = {
			};
			name = Release;
		};
/* End XCBuildConfiguration section */

/* Begin XCConfigurationList section */
		048803E61B57F305000449D2 /* Build configuration list for PBXProject "Swift" */ = {
			isa = XCConfigurationList;
			buildConfigurations = (
				048803E71B57F305000449D2 /* Debug */,
				048803E81B57F305000449D2 /* Release */,
			);
			defaultConfigurationIsVisible = 0;
			defaultConfigurationName = Release;
		};
/* End XCConfigurationList section */
	};
	rootObject = 048803E31B57F305000449D2 /* Project object */;
}
