// !$*UTF8*$!
{
	archiveVersion = 1;
	classes = {
	};
	objectVersion = 46;
	objects = {

/* Begin PBXBuildFile section */
		D4A48B281CE324B9008DDF99 /* AppDelegate.swift in Sources */ = {isa = PBXBuildFile; fileRef = D4A48B271CE324B9008DDF99 /* AppDelegate.swift */; };
		D4A48B2D1CE324B9008DDF99 /* Main.storyboard in Resources */ = {isa = PBXBuildFile; fileRef = D4A48B2B1CE324B9008DDF99 /* Main.storyboard */; };
		D4A48B2F1CE324B9008DDF99 /* Assets.xcassets in Resources */ = {isa = PBXBuildFile; fileRef = D4A48B2E1CE324B9008DDF99 /* Assets.xcassets */; };
		D4A48B321CE324B9008DDF99 /* LaunchScreen.storyboard in Resources */ = {isa = PBXBuildFile; fileRef = D4A48B301CE324B9008DDF99 /* LaunchScreen.storyboard */; };
		D4A48B3A1CE32526008DDF99 /* HonoluluArtViewController.swift in Sources */ = {isa = PBXBuildFile; fileRef = D4A48B391CE32526008DDF99 /* HonoluluArtViewController.swift */; };
		D4A48B3C1CE32F22008DDF99 /* MapKit.framework in Frameworks */ = {isa = PBXBuildFile; fileRef = D4A48B3B1CE32F22008DDF99 /* MapKit.framework */; };
		D4A48B3E1CE46AE5008DDF99 /* PublicArt.json in Resources */ = {isa = PBXBuildFile; fileRef = D4A48B3D1CE46AE5008DDF99 /* PublicArt.json */; };
		D4A48B401CE47B10008DDF99 /* Artwork.swift in Sources */ = {isa = PBXBuildFile; fileRef = D4A48B3F1CE47B10008DDF99 /* Artwork.swift */; };
		D4A48B421CE56146008DDF99 /* VCMapView.swift in Sources */ = {isa = PBXBuildFile; fileRef = D4A48B411CE56146008DDF99 /* VCMapView.swift */; };
/* End PBXBuildFile section */

/* Begin PBXFileReference section */
		D4A48B241CE324B9008DDF99 /* HonoluluArt.app */ = {isa = PBXFileReference; explicitFileType = wrapper.application; includeInIndex = 0; path = HonoluluArt.app; sourceTree = BUILT_PRODUCTS_DIR; };
		D4A48B271CE324B9008DDF99 /* AppDelegate.swift */ = {isa = PBXFileReference; lastKnownFileType = sourcecode.swift; path = AppDelegate.swift; sourceTree = "<group>"; };
		D4A48B2C1CE324B9008DDF99 /* Base */ = {isa = PBXFileReference; lastKnownFileType = file.storyboard; name = Base; path = Base.lproj/Main.storyboard; sourceTree = "<group>"; };
		D4A48B2E1CE324B9008DDF99 /* Assets.xcassets */ = {isa = PBXFileReference; lastKnownFileType = folder.assetcatalog; path = Assets.xcassets; sourceTree = "<group>"; };
		D4A48B311CE324B9008DDF99 /* Base */ = {isa = PBXFileReference; lastKnownFileType = file.storyboard; name = Base; path = Base.lproj/LaunchScreen.storyboard; sourceTree = "<group>"; };
		D4A48B331CE324B9008DDF99 /* Info.plist */ = {isa = PBXFileReference; lastKnownFileType = text.plist.xml; path = Info.plist; sourceTree = "<group>"; };
		D4A48B391CE32526008DDF99 /* HonoluluArtViewController.swift */ = {isa = PBXFileReference; fileEncoding = 4; lastKnownFileType = sourcecode.swift; path = HonoluluArtViewController.swift; sourceTree = "<group>"; };
		D4A48B3B1CE32F22008DDF99 /* MapKit.framework */ = {isa = PBXFileReference; lastKnownFileType = wrapper.framework; name = MapKit.framework; path = System/Library/Frameworks/MapKit.framework; sourceTree = SDKROOT; };
		D4A48B3D1CE46AE5008DDF99 /* PublicArt.json */ = {isa = PBXFileReference; fileEncoding = 4; lastKnownFileType = text.json; path = PublicArt.json; sourceTree = "<group>"; };
		D4A48B3F1CE47B10008DDF99 /* Artwork.swift */ = {isa = PBXFileReference; fileEncoding = 4; lastKnownFileType = sourcecode.swift; path = Artwork.swift; sourceTree = "<group>"; };
		D4A48B411CE56146008DDF99 /* VCMapView.swift */ = {isa = PBXFileReference; fileEncoding = 4; lastKnownFileType = sourcecode.swift; path = VCMapView.swift; sourceTree = "<group>"; };
/* End PBXFileReference section */

/* Begin PBXFrameworksBuildPhase section */
		D4A48B211CE324B9008DDF99 /* Frameworks */ = {
			isa = PBXFrameworksBuildPhase;
			buildActionMask = 2147483647;
			files = (
				D4A48B3C1CE32F22008DDF99 /* MapKit.framework in Frameworks */,
			);
			runOnlyForDeploymentPostprocessing = 0;
		};
/* End PBXFrameworksBuildPhase section */

/* Begin PBXGroup section */
		D4A48B1B1CE324B9008DDF99 = {
			isa = PBXGroup;
			children = (
				D4A48B3B1CE32F22008DDF99 /* MapKit.framework */,
				D4A48B261CE324B9008DDF99 /* HonoluluArt */,
				D4A48B251CE324B9008DDF99 /* Products */,
			);
			sourceTree = "<group>";
		};
		D4A48B251CE324B9008DDF99 /* Products */ = {
			isa = PBXGroup;
			children = (
				D4A48B241CE324B9008DDF99 /* HonoluluArt.app */,
			);
			name = Products;
			sourceTree = "<group>";
		};
		D4A48B261CE324B9008DDF99 /* HonoluluArt */ = {
			isa = PBXGroup;
			children = (
				D4A48B271CE324B9008DDF99 /* AppDelegate.swift */,
				D4A48B2B1CE324B9008DDF99 /* Main.storyboard */,
				D4A48B2E1CE324B9008DDF99 /* Assets.xcassets */,
				D4A48B3D1CE46AE5008DDF99 /* PublicArt.json */,
				D4A48B301CE324B9008DDF99 /* LaunchScreen.storyboard */,
				D4A48B331CE324B9008DDF99 /* Info.plist */,
				D4A48B391CE32526008DDF99 /* HonoluluArtViewController.swift */,
				D4A48B3F1CE47B10008DDF99 /* Artwork.swift */,
				D4A48B411CE56146008DDF99 /* VCMapView.swift */,
			);
			path = HonoluluArt;
			sourceTree = "<group>";
		};
/* End PBXGroup section */

/* Begin PBXNativeTarget section */
		D4A48B231CE324B9008DDF99 /* HonoluluArt */ = {
			isa = PBXNativeTarget;
			buildConfigurationList = D4A48B361CE324B9008DDF99 /* Build configuration list for PBXNativeTarget "HonoluluArt" */;
			buildPhases = (
				D4A48B201CE324B9008DDF99 /* Sources */,
				D4A48B211CE324B9008DDF99 /* Frameworks */,
				D4A48B221CE324B9008DDF99 /* Resources */,
			);
			buildRules = (
			);
			dependencies = (
			);
			name = HonoluluArt;
			productName = HonoluluArt;
			productReference = D4A48B241CE324B9008DDF99 /* HonoluluArt.app */;
			productType = "com.apple.product-type.application";
		};
/* End PBXNativeTarget section */

/* Begin PBXProject section */
		D4A48B1C1CE324B9008DDF99 /* Project object */ = {
			isa = PBXProject;
			attributes = {
				LastSwiftUpdateCheck = 0730;
				LastUpgradeCheck = 0730;
				ORGANIZATIONNAME = Joey;
				TargetAttributes = {
					D4A48B231CE324B9008DDF99 = {
						CreatedOnToolsVersion = 7.3;
						SystemCapabilities = {
							com.apple.Maps.iOS = {
								enabled = 1;
							};
						};
					};
				};
			};
			buildConfigurationList = D4A48B1F1CE324B9008DDF99 /* Build configuration list for PBXProject "HonoluluArt" */;
			compatibilityVersion = "Xcode 3.2";
			developmentRegion = English;
			hasScannedForEncodings = 0;
			knownRegions = (
				en,
				Base,
			);
			mainGroup = D4A48B1B1CE324B9008DDF99;
			productRefGroup = D4A48B251CE324B9008DDF99 /* Products */;
			projectDirPath = "";
			projectRoot = "";
			targets = (
				D4A48B231CE324B9008DDF99 /* HonoluluArt */,
			);
		};
/* End PBXProject section */

/* Begin PBXResourcesBuildPhase section */
		D4A48B221CE324B9008DDF99 /* Resources */ = {
			isa = PBXResourcesBuildPhase;
			buildActionMask = 2147483647;
			files = (
				D4A48B3E1CE46AE5008DDF99 /* PublicArt.json in Resources */,
				D4A48B321CE324B9008DDF99 /* LaunchScreen.storyboard in Resources */,
				D4A48B2F1CE324B9008DDF99 /* Assets.xcassets in Resources */,
				D4A48B2D1CE324B9008DDF99 /* Main.storyboard in Resources */,
			);
			runOnlyForDeploymentPostprocessing = 0;
		};
/* End PBXResourcesBuildPhase section */

/* Begin PBXSourcesBuildPhase section */
		D4A48B201CE324B9008DDF99 /* Sources */ = {
			isa = PBXSourcesBuildPhase;
			buildActionMask = 2147483647;
			files = (
				D4A48B421CE56146008DDF99 /* VCMapView.swift in Sources */,
				D4A48B3A1CE32526008DDF99 /* HonoluluArtViewController.swift in Sources */,
				D4A48B401CE47B10008DDF99 /* Artwork.swift in Sources */,
				D4A48B281CE324B9008DDF99 /* AppDelegate.swift in Sources */,
			);
			runOnlyForDeploymentPostprocessing = 0;
		};
/* End PBXSourcesBuildPhase section */

/* Begin PBXVariantGroup section */
		D4A48B2B1CE324B9008DDF99 /* Main.storyboard */ = {
			isa = PBXVariantGroup;
			children = (
				D4A48B2C1CE324B9008DDF99 /* Base */,
			);
			name = Main.storyboard;
			sourceTree = "<group>";
		};
		D4A48B301CE324B9008DDF99 /* LaunchScreen.storyboard */ = {
			isa = PBXVariantGroup;
			children = (
				D4A48B311CE324B9008DDF99 /* Base */,
			);
			name = LaunchScreen.storyboard;
			sourceTree = "<group>";
		};
/* End PBXVariantGroup section */

/* Begin XCBuildConfiguration section */
		D4A48B341CE324B9008DDF99 /* Debug */ = {
			isa = XCBuildConfiguration;
			buildSettings = {
				ALWAYS_SEARCH_USER_PATHS = NO;
				CLANG_ANALYZER_NONNULL = YES;
				CLANG_CXX_LANGUAGE_STANDARD = "gnu++0x";
				CLANG_CXX_LIBRARY = "libc++";
				CLANG_ENABLE_MODULES = YES;
				CLANG_ENABLE_OBJC_ARC = YES;
				CLANG_WARN_BOOL_CONVERSION = YES;
				CLANG_WARN_CONSTANT_CONVERSION = YES;
				CLANG_WARN_DIRECT_OBJC_ISA_USAGE = YES_ERROR;
				CLANG_WARN_EMPTY_BODY = YES;
				CLANG_WARN_ENUM_CONVERSION = YES;
				CLANG_WARN_INT_CONVERSION = YES;
				CLANG_WARN_OBJC_ROOT_CLASS = YES_ERROR;
				CLANG_WARN_UNREACHABLE_CODE = YES;
				CLANG_WARN__DUPLICATE_METHOD_MATCH = YES;
				"CODE_SIGN_IDENTITY[sdk=iphoneos*]" = "iPhone Developer";
				COPY_PHASE_STRIP = NO;
				DEBUG_INFORMATION_FORMAT = dwarf;
				ENABLE_STRICT_OBJC_MSGSEND = YES;
				ENABLE_TESTABILITY = YES;
				GCC_C_LANGUAGE_STANDARD = gnu99;
				GCC_DYNAMIC_NO_PIC = NO;
				GCC_NO_COMMON_BLOCKS = YES;
				GCC_OPTIMIZATION_LEVEL = 0;
				GCC_PREPROCESSOR_DEFINITIONS = (
					"DEBUG=1",
					"$(inherited)",
				);
				GCC_WARN_64_TO_32_BIT_CONVERSION = YES;
				GCC_WARN_ABOUT_RETURN_TYPE = YES_ERROR;
				GCC_WARN_UNDECLARED_SELECTOR = YES;
				GCC_WARN_UNINITIALIZED_AUTOS = YES_AGGRESSIVE;
				GCC_WARN_UNUSED_FUNCTION = YES;
				GCC_WARN_UNUSED_VARIABLE = YES;
				IPHONEOS_DEPLOYMENT_TARGET = 9.3;
				MTL_ENABLE_DEBUG_INFO = YES;
				ONLY_ACTIVE_ARCH = YES;
				SDKROOT = iphoneos;
				SWIFT_OPTIMIZATION_LEVEL = "-Onone";
			};
			name = Debug;
		};
		D4A48B351CE324B9008DDF99 /* Release */ = {
			isa = XCBuildConfiguration;
			buildSettings = {
				ALWAYS_SEARCH_USER_PATHS = NO;
				CLANG_ANALYZER_NONNULL = YES;
				CLANG_CXX_LANGUAGE_STANDARD = "gnu++0x";
				CLANG_CXX_LIBRARY = "libc++";
				CLANG_ENABLE_MODULES = YES;
				CLANG_ENABLE_OBJC_ARC = YES;
				CLANG_WARN_BOOL_CONVERSION = YES;
				CLANG_WARN_CONSTANT_CONVERSION = YES;
				CLANG_WARN_DIRECT_OBJC_ISA_USAGE = YES_ERROR;
				CLANG_WARN_EMPTY_BODY = YES;
				CLANG_WARN_ENUM_CONVERSION = YES;
				CLANG_WARN_INT_CONVERSION = YES;
				CLANG_WARN_OBJC_ROOT_CLASS = YES_ERROR;
				CLANG_WARN_UNREACHABLE_CODE = YES;
				CLANG_WARN__DUPLICATE_METHOD_MATCH = YES;
				"CODE_SIGN_IDENTITY[sdk=iphoneos*]" = "iPhone Developer";
				COPY_PHASE_STRIP = NO;
				DEBUG_INFORMATION_FORMAT = "dwarf-with-dsym";
				ENABLE_NS_ASSERTIONS = NO;
				ENABLE_STRICT_OBJC_MSGSEND = YES;
				GCC_C_LANGUAGE_STANDARD = gnu99;
				GCC_NO_COMMON_BLOCKS = YES;
				GCC_WARN_64_TO_32_BIT_CONVERSION = YES;
				GCC_WARN_ABOUT_RETURN_TYPE = YES_ERROR;
				GCC_WARN_UNDECLARED_SELECTOR = YES;
				GCC_WARN_UNINITIALIZED_AUTOS = YES_AGGRESSIVE;
				GCC_WARN_UNUSED_FUNCTION = YES;
				GCC_WARN_UNUSED_VARIABLE = YES;
				IPHONEOS_DEPLOYMENT_TARGET = 9.3;
				MTL_ENABLE_DEBUG_INFO = NO;
				SDKROOT = iphoneos;
				VALIDATE_PRODUCT = YES;
			};
			name = Release;
		};
		D4A48B371CE324B9008DDF99 /* Debug */ = {
			isa = XCBuildConfiguration;
			buildSettings = {
				ASSETCATALOG_COMPILER_APPICON_NAME = AppIcon;
				INFOPLIST_FILE = HonoluluArt/Info.plist;
				LD_RUNPATH_SEARCH_PATHS = "$(inherited) @executable_path/Frameworks";
				PRODUCT_BUNDLE_IDENTIFIER = com.example.HonoluluArt;
				PRODUCT_NAME = "$(TARGET_NAME)";
			};
			name = Debug;
		};
		D4A48B381CE324B9008DDF99 /* Release */ = {
			isa = XCBuildConfiguration;
			buildSettings = {
				ASSETCATALOG_COMPILER_APPICON_NAME = AppIcon;
				INFOPLIST_FILE = HonoluluArt/Info.plist;
				LD_RUNPATH_SEARCH_PATHS = "$(inherited) @executable_path/Frameworks";
				PRODUCT_BUNDLE_IDENTIFIER = com.example.HonoluluArt;
				PRODUCT_NAME = "$(TARGET_NAME)";
			};
			name = Release;
		};
/* End XCBuildConfiguration section */

/* Begin XCConfigurationList section */
		D4A48B1F1CE324B9008DDF99 /* Build configuration list for PBXProject "HonoluluArt" */ = {
			isa = XCConfigurationList;
			buildConfigurations = (
				D4A48B341CE324B9008DDF99 /* Debug */,
				D4A48B351CE324B9008DDF99 /* Release */,
			);
			defaultConfigurationIsVisible = 0;
			defaultConfigurationName = Release;
		};
		D4A48B361CE324B9008DDF99 /* Build configuration list for PBXNativeTarget "HonoluluArt" */ = {
			isa = XCConfigurationList;
			buildConfigurations = (
				D4A48B371CE324B9008DDF99 /* Debug */,
				D4A48B381CE324B9008DDF99 /* Release */,
			);
			defaultConfigurationIsVisible = 0;
		};
/* End XCConfigurationList section */
	};
	rootObject = D4A48B1C1CE324B9008DDF99 /* Project object */;
}
