// !$*UTF8*$!
{
	archiveVersion = 1;
	classes = {
	};
	objectVersion = 46;
	objects = {

/* Begin PBXBuildFile section */
		D45B661D1C40069900C2238F /* AppDelegate.swift in Sources */ = {isa = PBXBuildFile; fileRef = D45B661C1C40069900C2238F /* AppDelegate.swift */; };
		D45B661F1C40069900C2238F /* ViewController.swift in Sources */ = {isa = PBXBuildFile; fileRef = D45B661E1C40069900C2238F /* ViewController.swift */; };
		D45B66221C40069900C2238F /* Main.storyboard in Resources */ = {isa = PBXBuildFile; fileRef = D45B66201C40069900C2238F /* Main.storyboard */; };
		D45B66241C40069900C2238F /* Assets.xcassets in Resources */ = {isa = PBXBuildFile; fileRef = D45B66231C40069900C2238F /* Assets.xcassets */; };
		D45B66271C40069900C2238F /* LaunchScreen.storyboard in Resources */ = {isa = PBXBuildFile; fileRef = D45B66251C40069900C2238F /* LaunchScreen.storyboard */; };
		D45B66351C408CF900C2238F /* photo1.png in Resources */ = {isa = PBXBuildFile; fileRef = D45B662F1C408CF900C2238F /* photo1.png */; };
		D45B66361C408CF900C2238F /* photo2.png in Resources */ = {isa = PBXBuildFile; fileRef = D45B66301C408CF900C2238F /* photo2.png */; };
		D45B66371C408CF900C2238F /* photo3.png in Resources */ = {isa = PBXBuildFile; fileRef = D45B66311C408CF900C2238F /* photo3.png */; };
		D45B66381C408CF900C2238F /* photo4.png in Resources */ = {isa = PBXBuildFile; fileRef = D45B66321C408CF900C2238F /* photo4.png */; };
		D45B66391C408CF900C2238F /* photo5.png in Resources */ = {isa = PBXBuildFile; fileRef = D45B66331C408CF900C2238F /* photo5.png */; };
		D45B663A1C408CF900C2238F /* slow.png in Resources */ = {isa = PBXBuildFile; fileRef = D45B66341C408CF900C2238F /* slow.png */; };
		D45B663C1C44D85E00C2238F /* CustomScrollViewController.swift in Sources */ = {isa = PBXBuildFile; fileRef = D45B663B1C44D85E00C2238F /* CustomScrollViewController.swift */; };
		D45B663E1C44DE0700C2238F /* PagedScrollViewController.swift in Sources */ = {isa = PBXBuildFile; fileRef = D45B663D1C44DE0700C2238F /* PagedScrollViewController.swift */; };
		D45B66401C44EF5700C2238F /* peekPagedScrollViewController.swift in Sources */ = {isa = PBXBuildFile; fileRef = D45B663F1C44EF5700C2238F /* peekPagedScrollViewController.swift */; };
		D45B66421C44F1A700C2238F /* ScrollViewContainer.swift in Sources */ = {isa = PBXBuildFile; fileRef = D45B66411C44F1A700C2238F /* ScrollViewContainer.swift */; };
/* End PBXBuildFile section */

/* Begin PBXFileReference section */
		D45B66191C40069900C2238F /* RWScrollViews.app */ = {isa = PBXFileReference; explicitFileType = wrapper.application; includeInIndex = 0; path = RWScrollViews.app; sourceTree = BUILT_PRODUCTS_DIR; };
		D45B661C1C40069900C2238F /* AppDelegate.swift */ = {isa = PBXFileReference; lastKnownFileType = sourcecode.swift; path = AppDelegate.swift; sourceTree = "<group>"; };
		D45B661E1C40069900C2238F /* ViewController.swift */ = {isa = PBXFileReference; lastKnownFileType = sourcecode.swift; path = ViewController.swift; sourceTree = "<group>"; };
		D45B66211C40069900C2238F /* Base */ = {isa = PBXFileReference; lastKnownFileType = file.storyboard; name = Base; path = Base.lproj/Main.storyboard; sourceTree = "<group>"; };
		D45B66231C40069900C2238F /* Assets.xcassets */ = {isa = PBXFileReference; lastKnownFileType = folder.assetcatalog; path = Assets.xcassets; sourceTree = "<group>"; };
		D45B66261C40069900C2238F /* Base */ = {isa = PBXFileReference; lastKnownFileType = file.storyboard; name = Base; path = Base.lproj/LaunchScreen.storyboard; sourceTree = "<group>"; };
		D45B66281C40069900C2238F /* Info.plist */ = {isa = PBXFileReference; lastKnownFileType = text.plist.xml; path = Info.plist; sourceTree = "<group>"; };
		D45B662F1C408CF900C2238F /* photo1.png */ = {isa = PBXFileReference; lastKnownFileType = image.png; path = photo1.png; sourceTree = "<group>"; };
		D45B66301C408CF900C2238F /* photo2.png */ = {isa = PBXFileReference; lastKnownFileType = image.png; path = photo2.png; sourceTree = "<group>"; };
		D45B66311C408CF900C2238F /* photo3.png */ = {isa = PBXFileReference; lastKnownFileType = image.png; path = photo3.png; sourceTree = "<group>"; };
		D45B66321C408CF900C2238F /* photo4.png */ = {isa = PBXFileReference; lastKnownFileType = image.png; path = photo4.png; sourceTree = "<group>"; };
		D45B66331C408CF900C2238F /* photo5.png */ = {isa = PBXFileReference; lastKnownFileType = image.png; path = photo5.png; sourceTree = "<group>"; };
		D45B66341C408CF900C2238F /* slow.png */ = {isa = PBXFileReference; lastKnownFileType = image.png; path = slow.png; sourceTree = "<group>"; };
		D45B663B1C44D85E00C2238F /* CustomScrollViewController.swift */ = {isa = PBXFileReference; fileEncoding = 4; lastKnownFileType = sourcecode.swift; path = CustomScrollViewController.swift; sourceTree = "<group>"; };
		D45B663D1C44DE0700C2238F /* PagedScrollViewController.swift */ = {isa = PBXFileReference; fileEncoding = 4; lastKnownFileType = sourcecode.swift; path = PagedScrollViewController.swift; sourceTree = "<group>"; };
		D45B663F1C44EF5700C2238F /* peekPagedScrollViewController.swift */ = {isa = PBXFileReference; fileEncoding = 4; lastKnownFileType = sourcecode.swift; path = peekPagedScrollViewController.swift; sourceTree = "<group>"; };
		D45B66411C44F1A700C2238F /* ScrollViewContainer.swift */ = {isa = PBXFileReference; fileEncoding = 4; lastKnownFileType = sourcecode.swift; path = ScrollViewContainer.swift; sourceTree = "<group>"; };
/* End PBXFileReference section */

/* Begin PBXFrameworksBuildPhase section */
		D45B66161C40069900C2238F /* Frameworks */ = {
			isa = PBXFrameworksBuildPhase;
			buildActionMask = 2147483647;
			files = (
			);
			runOnlyForDeploymentPostprocessing = 0;
		};
/* End PBXFrameworksBuildPhase section */

/* Begin PBXGroup section */
		D45B66101C40069900C2238F = {
			isa = PBXGroup;
			children = (
				D45B661B1C40069900C2238F /* RWScrollViews */,
				D45B661A1C40069900C2238F /* Products */,
			);
			sourceTree = "<group>";
		};
		D45B661A1C40069900C2238F /* Products */ = {
			isa = PBXGroup;
			children = (
				D45B66191C40069900C2238F /* RWScrollViews.app */,
			);
			name = Products;
			sourceTree = "<group>";
		};
		D45B661B1C40069900C2238F /* RWScrollViews */ = {
			isa = PBXGroup;
			children = (
				D45B662E1C408CF900C2238F /* ScrollViewsResources */,
				D45B661C1C40069900C2238F /* AppDelegate.swift */,
				D45B661E1C40069900C2238F /* ViewController.swift */,
				D45B663B1C44D85E00C2238F /* CustomScrollViewController.swift */,
				D45B66201C40069900C2238F /* Main.storyboard */,
				D45B66231C40069900C2238F /* Assets.xcassets */,
				D45B66251C40069900C2238F /* LaunchScreen.storyboard */,
				D45B66281C40069900C2238F /* Info.plist */,
				D45B663D1C44DE0700C2238F /* PagedScrollViewController.swift */,
				D45B663F1C44EF5700C2238F /* peekPagedScrollViewController.swift */,
				D45B66411C44F1A700C2238F /* ScrollViewContainer.swift */,
			);
			path = RWScrollViews;
			sourceTree = "<group>";
		};
		D45B662E1C408CF900C2238F /* ScrollViewsResources */ = {
			isa = PBXGroup;
			children = (
				D45B662F1C408CF900C2238F /* photo1.png */,
				D45B66301C408CF900C2238F /* photo2.png */,
				D45B66311C408CF900C2238F /* photo3.png */,
				D45B66321C408CF900C2238F /* photo4.png */,
				D45B66331C408CF900C2238F /* photo5.png */,
				D45B66341C408CF900C2238F /* slow.png */,
			);
			path = ScrollViewsResources;
			sourceTree = "<group>";
		};
/* End PBXGroup section */

/* Begin PBXNativeTarget section */
		D45B66181C40069900C2238F /* RWScrollViews */ = {
			isa = PBXNativeTarget;
			buildConfigurationList = D45B662B1C40069900C2238F /* Build configuration list for PBXNativeTarget "RWScrollViews" */;
			buildPhases = (
				D45B66151C40069900C2238F /* Sources */,
				D45B66161C40069900C2238F /* Frameworks */,
				D45B66171C40069900C2238F /* Resources */,
			);
			buildRules = (
			);
			dependencies = (
			);
			name = RWScrollViews;
			productName = RWScrollViews;
			productReference = D45B66191C40069900C2238F /* RWScrollViews.app */;
			productType = "com.apple.product-type.application";
		};
/* End PBXNativeTarget section */

/* Begin PBXProject section */
		D45B66111C40069900C2238F /* Project object */ = {
			isa = PBXProject;
			attributes = {
				LastSwiftUpdateCheck = 0720;
				LastUpgradeCheck = 0720;
				ORGANIZATIONNAME = Joey;
				TargetAttributes = {
					D45B66181C40069900C2238F = {
						CreatedOnToolsVersion = 7.2;
					};
				};
			};
			buildConfigurationList = D45B66141C40069900C2238F /* Build configuration list for PBXProject "RWScrollViews" */;
			compatibilityVersion = "Xcode 3.2";
			developmentRegion = English;
			hasScannedForEncodings = 0;
			knownRegions = (
				en,
				Base,
			);
			mainGroup = D45B66101C40069900C2238F;
			productRefGroup = D45B661A1C40069900C2238F /* Products */;
			projectDirPath = "";
			projectRoot = "";
			targets = (
				D45B66181C40069900C2238F /* RWScrollViews */,
			);
		};
/* End PBXProject section */

/* Begin PBXResourcesBuildPhase section */
		D45B66171C40069900C2238F /* Resources */ = {
			isa = PBXResourcesBuildPhase;
			buildActionMask = 2147483647;
			files = (
				D45B66381C408CF900C2238F /* photo4.png in Resources */,
				D45B66361C408CF900C2238F /* photo2.png in Resources */,
				D45B663A1C408CF900C2238F /* slow.png in Resources */,
				D45B66351C408CF900C2238F /* photo1.png in Resources */,
				D45B66271C40069900C2238F /* LaunchScreen.storyboard in Resources */,
				D45B66391C408CF900C2238F /* photo5.png in Resources */,
				D45B66241C40069900C2238F /* Assets.xcassets in Resources */,
				D45B66371C408CF900C2238F /* photo3.png in Resources */,
				D45B66221C40069900C2238F /* Main.storyboard in Resources */,
			);
			runOnlyForDeploymentPostprocessing = 0;
		};
/* End PBXResourcesBuildPhase section */

/* Begin PBXSourcesBuildPhase section */
		D45B66151C40069900C2238F /* Sources */ = {
			isa = PBXSourcesBuildPhase;
			buildActionMask = 2147483647;
			files = (
				D45B661F1C40069900C2238F /* ViewController.swift in Sources */,
				D45B66401C44EF5700C2238F /* peekPagedScrollViewController.swift in Sources */,
				D45B663E1C44DE0700C2238F /* PagedScrollViewController.swift in Sources */,
				D45B661D1C40069900C2238F /* AppDelegate.swift in Sources */,
				D45B663C1C44D85E00C2238F /* CustomScrollViewController.swift in Sources */,
				D45B66421C44F1A700C2238F /* ScrollViewContainer.swift in Sources */,
			);
			runOnlyForDeploymentPostprocessing = 0;
		};
/* End PBXSourcesBuildPhase section */

/* Begin PBXVariantGroup section */
		D45B66201C40069900C2238F /* Main.storyboard */ = {
			isa = PBXVariantGroup;
			children = (
				D45B66211C40069900C2238F /* Base */,
			);
			name = Main.storyboard;
			sourceTree = "<group>";
		};
		D45B66251C40069900C2238F /* LaunchScreen.storyboard */ = {
			isa = PBXVariantGroup;
			children = (
				D45B66261C40069900C2238F /* Base */,
			);
			name = LaunchScreen.storyboard;
			sourceTree = "<group>";
		};
/* End PBXVariantGroup section */

/* Begin XCBuildConfiguration section */
		D45B66291C40069900C2238F /* Debug */ = {
			isa = XCBuildConfiguration;
			buildSettings = {
				ALWAYS_SEARCH_USER_PATHS = NO;
				CLANG_CXX_LANGUAGE_STANDARD = "gnu++0x";
				CLANG_CXX_LIBRARY = "libc++";
				CLANG_ENABLE_MODULES = YES;
				CLANG_ENABLE_OBJC_ARC = YES;
				CLANG_WARN_BOOL_CONVERSION = YES;
				CLANG_WARN_CONSTANT_CONVERSION = YES;
				CLANG_WARN_DIRECT_OBJC_ISA_USAGE = YES_ERROR;
				CLANG_WARN_EMPTY_BODY = YES;
				CLANG_WARN_ENUM_CONVERSION = YES;
				CLANG_WARN_INT_CONVERSION = YES;
				CLANG_WARN_OBJC_ROOT_CLASS = YES_ERROR;
				CLANG_WARN_UNREACHABLE_CODE = YES;
				CLANG_WARN__DUPLICATE_METHOD_MATCH = YES;
				"CODE_SIGN_IDENTITY[sdk=iphoneos*]" = "iPhone Developer";
				COPY_PHASE_STRIP = NO;
				DEBUG_INFORMATION_FORMAT = dwarf;
				ENABLE_STRICT_OBJC_MSGSEND = YES;
				ENABLE_TESTABILITY = YES;
				GCC_C_LANGUAGE_STANDARD = gnu99;
				GCC_DYNAMIC_NO_PIC = NO;
				GCC_NO_COMMON_BLOCKS = YES;
				GCC_OPTIMIZATION_LEVEL = 0;
				GCC_PREPROCESSOR_DEFINITIONS = (
					"DEBUG=1",
					"$(inherited)",
				);
				GCC_WARN_64_TO_32_BIT_CONVERSION = YES;
				GCC_WARN_ABOUT_RETURN_TYPE = YES_ERROR;
				GCC_WARN_UNDECLARED_SELECTOR = YES;
				GCC_WARN_UNINITIALIZED_AUTOS = YES_AGGRESSIVE;
				GCC_WARN_UNUSED_FUNCTION = YES;
				GCC_WARN_UNUSED_VARIABLE = YES;
				IPHONEOS_DEPLOYMENT_TARGET = 9.2;
				MTL_ENABLE_DEBUG_INFO = YES;
				ONLY_ACTIVE_ARCH = YES;
				SDKROOT = iphoneos;
				SWIFT_OPTIMIZATION_LEVEL = "-Onone";
			};
			name = Debug;
		};
		D45B662A1C40069900C2238F /* Release */ = {
			isa = XCBuildConfiguration;
			buildSettings = {
				ALWAYS_SEARCH_USER_PATHS = NO;
				CLANG_CXX_LANGUAGE_STANDARD = "gnu++0x";
				CLANG_CXX_LIBRARY = "libc++";
				CLANG_ENABLE_MODULES = YES;
				CLANG_ENABLE_OBJC_ARC = YES;
				CLANG_WARN_BOOL_CONVERSION = YES;
				CLANG_WARN_CONSTANT_CONVERSION = YES;
				CLANG_WARN_DIRECT_OBJC_ISA_USAGE = YES_ERROR;
				CLANG_WARN_EMPTY_BODY = YES;
				CLANG_WARN_ENUM_CONVERSION = YES;
				CLANG_WARN_INT_CONVERSION = YES;
				CLANG_WARN_OBJC_ROOT_CLASS = YES_ERROR;
				CLANG_WARN_UNREACHABLE_CODE = YES;
				CLANG_WARN__DUPLICATE_METHOD_MATCH = YES;
				"CODE_SIGN_IDENTITY[sdk=iphoneos*]" = "iPhone Developer";
				COPY_PHASE_STRIP = NO;
				DEBUG_INFORMATION_FORMAT = "dwarf-with-dsym";
				ENABLE_NS_ASSERTIONS = NO;
				ENABLE_STRICT_OBJC_MSGSEND = YES;
				GCC_C_LANGUAGE_STANDARD = gnu99;
				GCC_NO_COMMON_BLOCKS = YES;
				GCC_WARN_64_TO_32_BIT_CONVERSION = YES;
				GCC_WARN_ABOUT_RETURN_TYPE = YES_ERROR;
				GCC_WARN_UNDECLARED_SELECTOR = YES;
				GCC_WARN_UNINITIALIZED_AUTOS = YES_AGGRESSIVE;
				GCC_WARN_UNUSED_FUNCTION = YES;
				GCC_WARN_UNUSED_VARIABLE = YES;
				IPHONEOS_DEPLOYMENT_TARGET = 9.2;
				MTL_ENABLE_DEBUG_INFO = NO;
				SDKROOT = iphoneos;
				VALIDATE_PRODUCT = YES;
			};
			name = Release;
		};
		D45B662C1C40069900C2238F /* Debug */ = {
			isa = XCBuildConfiguration;
			buildSettings = {
				ASSETCATALOG_COMPILER_APPICON_NAME = AppIcon;
				INFOPLIST_FILE = RWScrollViews/Info.plist;
				LD_RUNPATH_SEARCH_PATHS = "$(inherited) @executable_path/Frameworks";
				PRODUCT_BUNDLE_IDENTIFIER = com.example.RWScrollViews;
				PRODUCT_NAME = "$(TARGET_NAME)";
				TARGETED_DEVICE_FAMILY = 1;
			};
			name = Debug;
		};
		D45B662D1C40069900C2238F /* Release */ = {
			isa = XCBuildConfiguration;
			buildSettings = {
				ASSETCATALOG_COMPILER_APPICON_NAME = AppIcon;
				INFOPLIST_FILE = RWScrollViews/Info.plist;
				LD_RUNPATH_SEARCH_PATHS = "$(inherited) @executable_path/Frameworks";
				PRODUCT_BUNDLE_IDENTIFIER = com.example.RWScrollViews;
				PRODUCT_NAME = "$(TARGET_NAME)";
				TARGETED_DEVICE_FAMILY = 1;
			};
			name = Release;
		};
/* End XCBuildConfiguration section */

/* Begin XCConfigurationList section */
		D45B66141C40069900C2238F /* Build configuration list for PBXProject "RWScrollViews" */ = {
			isa = XCConfigurationList;
			buildConfigurations = (
				D45B66291C40069900C2238F /* Debug */,
				D45B662A1C40069900C2238F /* Release */,
			);
			defaultConfigurationIsVisible = 0;
			defaultConfigurationName = Release;
		};
		D45B662B1C40069900C2238F /* Build configuration list for PBXNativeTarget "RWScrollViews" */ = {
			isa = XCConfigurationList;
			buildConfigurations = (
				D45B662C1C40069900C2238F /* Debug */,
				D45B662D1C40069900C2238F /* Release */,
			);
			defaultConfigurationIsVisible = 0;
		};
/* End XCConfigurationList section */
	};
	rootObject = D45B66111C40069900C2238F /* Project object */;
}
