// !$*UTF8*$!
{
	archiveVersion = 1;
	classes = {
	};
	objectVersion = 46;
	objects = {

/* Begin PBXBuildFile section */
		D44B12C71BF3220C008A48C3 /* AppDelegate.swift in Sources */ = {isa = PBXBuildFile; fileRef = D44B12C61BF3220C008A48C3 /* AppDelegate.swift */; };
		D44B12CC1BF3220C008A48C3 /* Main.storyboard in Resources */ = {isa = PBXBuildFile; fileRef = D44B12CA1BF3220C008A48C3 /* Main.storyboard */; };
		D44B12CE1BF3220C008A48C3 /* Assets.xcassets in Resources */ = {isa = PBXBuildFile; fileRef = D44B12CD1BF3220C008A48C3 /* Assets.xcassets */; };
		D44B12D11BF3220C008A48C3 /* LaunchScreen.storyboard in Resources */ = {isa = PBXBuildFile; fileRef = D44B12CF1BF3220C008A48C3 /* LaunchScreen.storyboard */; };
		D44B12DB1BF324BC008A48C3 /* MasterTableViewController.swift in Sources */ = {isa = PBXBuildFile; fileRef = D44B12DA1BF324BC008A48C3 /* MasterTableViewController.swift */; };
		D44B12DD1BF34700008A48C3 /* HealthKit.framework in Frameworks */ = {isa = PBXBuildFile; fileRef = D44B12DC1BF34700008A48C3 /* HealthKit.framework */; };
		D44B12E01BF41A0E008A48C3 /* HealthManager.swift in Sources */ = {isa = PBXBuildFile; fileRef = D44B12DF1BF41A0E008A48C3 /* HealthManager.swift */; };
		D44B12E41BF425FA008A48C3 /* ProfileTableViewController.swift in Sources */ = {isa = PBXBuildFile; fileRef = D44B12E31BF425FA008A48C3 /* ProfileTableViewController.swift */; };
		D488C5E31BF444D70057693A /* DatePickerCell.swift in Sources */ = {isa = PBXBuildFile; fileRef = D488C5E11BF444D70057693A /* DatePickerCell.swift */; };
		D488C5E41BF444D70057693A /* NumberCell.swift in Sources */ = {isa = PBXBuildFile; fileRef = D488C5E21BF444D70057693A /* NumberCell.swift */; };
/* End PBXBuildFile section */

/* Begin PBXFileReference section */
		D44B12C31BF3220C008A48C3 /* HealthKitTutorial.app */ = {isa = PBXFileReference; explicitFileType = wrapper.application; includeInIndex = 0; path = HealthKitTutorial.app; sourceTree = BUILT_PRODUCTS_DIR; };
		D44B12C61BF3220C008A48C3 /* AppDelegate.swift */ = {isa = PBXFileReference; lastKnownFileType = sourcecode.swift; path = AppDelegate.swift; sourceTree = "<group>"; };
		D44B12CB1BF3220C008A48C3 /* Base */ = {isa = PBXFileReference; lastKnownFileType = file.storyboard; name = Base; path = Base.lproj/Main.storyboard; sourceTree = "<group>"; };
		D44B12CD1BF3220C008A48C3 /* Assets.xcassets */ = {isa = PBXFileReference; lastKnownFileType = folder.assetcatalog; path = Assets.xcassets; sourceTree = "<group>"; };
		D44B12D01BF3220C008A48C3 /* Base */ = {isa = PBXFileReference; lastKnownFileType = file.storyboard; name = Base; path = Base.lproj/LaunchScreen.storyboard; sourceTree = "<group>"; };
		D44B12D21BF3220C008A48C3 /* Info.plist */ = {isa = PBXFileReference; lastKnownFileType = text.plist.xml; path = Info.plist; sourceTree = "<group>"; };
		D44B12DA1BF324BC008A48C3 /* MasterTableViewController.swift */ = {isa = PBXFileReference; fileEncoding = 4; lastKnownFileType = sourcecode.swift; path = MasterTableViewController.swift; sourceTree = "<group>"; };
		D44B12DC1BF34700008A48C3 /* HealthKit.framework */ = {isa = PBXFileReference; lastKnownFileType = wrapper.framework; name = HealthKit.framework; path = System/Library/Frameworks/HealthKit.framework; sourceTree = SDKROOT; };
		D44B12DE1BF34700008A48C3 /* HealthKitTutorial.entitlements */ = {isa = PBXFileReference; lastKnownFileType = text.xml; path = HealthKitTutorial.entitlements; sourceTree = "<group>"; };
		D44B12DF1BF41A0E008A48C3 /* HealthManager.swift */ = {isa = PBXFileReference; fileEncoding = 4; lastKnownFileType = sourcecode.swift; path = HealthManager.swift; sourceTree = "<group>"; };
		D44B12E31BF425FA008A48C3 /* ProfileTableViewController.swift */ = {isa = PBXFileReference; fileEncoding = 4; lastKnownFileType = sourcecode.swift; path = ProfileTableViewController.swift; sourceTree = "<group>"; };
		D488C5E11BF444D70057693A /* DatePickerCell.swift */ = {isa = PBXFileReference; fileEncoding = 4; lastKnownFileType = sourcecode.swift; path = DatePickerCell.swift; sourceTree = "<group>"; };
		D488C5E21BF444D70057693A /* NumberCell.swift */ = {isa = PBXFileReference; fileEncoding = 4; lastKnownFileType = sourcecode.swift; path = NumberCell.swift; sourceTree = "<group>"; };
/* End PBXFileReference section */

/* Begin PBXFrameworksBuildPhase section */
		D44B12C01BF3220C008A48C3 /* Frameworks */ = {
			isa = PBXFrameworksBuildPhase;
			buildActionMask = 2147483647;
			files = (
				D44B12DD1BF34700008A48C3 /* HealthKit.framework in Frameworks */,
			);
			runOnlyForDeploymentPostprocessing = 0;
		};
/* End PBXFrameworksBuildPhase section */

/* Begin PBXGroup section */
		D44B12BA1BF3220C008A48C3 = {
			isa = PBXGroup;
			children = (
				D44B12DC1BF34700008A48C3 /* HealthKit.framework */,
				D44B12C51BF3220C008A48C3 /* HealthKitTutorial */,
				D44B12C41BF3220C008A48C3 /* Products */,
			);
			sourceTree = "<group>";
		};
		D44B12C41BF3220C008A48C3 /* Products */ = {
			isa = PBXGroup;
			children = (
				D44B12C31BF3220C008A48C3 /* HealthKitTutorial.app */,
			);
			name = Products;
			sourceTree = "<group>";
		};
		D44B12C51BF3220C008A48C3 /* HealthKitTutorial */ = {
			isa = PBXGroup;
			children = (
				D44B12DE1BF34700008A48C3 /* HealthKitTutorial.entitlements */,
				D44B12D91BF32469008A48C3 /* Cells */,
				D44B12D81BF3245A008A48C3 /* View Controllers */,
				D44B12DF1BF41A0E008A48C3 /* HealthManager.swift */,
				D44B12C61BF3220C008A48C3 /* AppDelegate.swift */,
				D44B12CA1BF3220C008A48C3 /* Main.storyboard */,
				D44B12CD1BF3220C008A48C3 /* Assets.xcassets */,
				D44B12CF1BF3220C008A48C3 /* LaunchScreen.storyboard */,
				D44B12D21BF3220C008A48C3 /* Info.plist */,
			);
			path = HealthKitTutorial;
			sourceTree = "<group>";
		};
		D44B12D81BF3245A008A48C3 /* View Controllers */ = {
			isa = PBXGroup;
			children = (
				D44B12DA1BF324BC008A48C3 /* MasterTableViewController.swift */,
				D44B12E31BF425FA008A48C3 /* ProfileTableViewController.swift */,
			);
			name = "View Controllers";
			sourceTree = "<group>";
		};
		D44B12D91BF32469008A48C3 /* Cells */ = {
			isa = PBXGroup;
			children = (
				D488C5E11BF444D70057693A /* DatePickerCell.swift */,
				D488C5E21BF444D70057693A /* NumberCell.swift */,
			);
			name = Cells;
			sourceTree = "<group>";
		};
/* End PBXGroup section */

/* Begin PBXNativeTarget section */
		D44B12C21BF3220C008A48C3 /* HealthKitTutorial */ = {
			isa = PBXNativeTarget;
			buildConfigurationList = D44B12D51BF3220C008A48C3 /* Build configuration list for PBXNativeTarget "HealthKitTutorial" */;
			buildPhases = (
				D44B12BF1BF3220C008A48C3 /* Sources */,
				D44B12C01BF3220C008A48C3 /* Frameworks */,
				D44B12C11BF3220C008A48C3 /* Resources */,
			);
			buildRules = (
			);
			dependencies = (
			);
			name = HealthKitTutorial;
			productName = HealthKitTutorial;
			productReference = D44B12C31BF3220C008A48C3 /* HealthKitTutorial.app */;
			productType = "com.apple.product-type.application";
		};
/* End PBXNativeTarget section */

/* Begin PBXProject section */
		D44B12BB1BF3220C008A48C3 /* Project object */ = {
			isa = PBXProject;
			attributes = {
				LastSwiftUpdateCheck = 0710;
				LastUpgradeCheck = 0710;
				ORGANIZATIONNAME = Anta;
				TargetAttributes = {
					D44B12C21BF3220C008A48C3 = {
						CreatedOnToolsVersion = 7.1;
						DevelopmentTeam = E3628M6D77;
						SystemCapabilities = {
							com.apple.HealthKit = {
								enabled = 1;
							};
						};
					};
				};
			};
			buildConfigurationList = D44B12BE1BF3220C008A48C3 /* Build configuration list for PBXProject "HealthKitTutorial" */;
			compatibilityVersion = "Xcode 3.2";
			developmentRegion = English;
			hasScannedForEncodings = 0;
			knownRegions = (
				en,
				Base,
			);
			mainGroup = D44B12BA1BF3220C008A48C3;
			productRefGroup = D44B12C41BF3220C008A48C3 /* Products */;
			projectDirPath = "";
			projectRoot = "";
			targets = (
				D44B12C21BF3220C008A48C3 /* HealthKitTutorial */,
			);
		};
/* End PBXProject section */

/* Begin PBXResourcesBuildPhase section */
		D44B12C11BF3220C008A48C3 /* Resources */ = {
			isa = PBXResourcesBuildPhase;
			buildActionMask = 2147483647;
			files = (
				D44B12D11BF3220C008A48C3 /* LaunchScreen.storyboard in Resources */,
				D44B12CE1BF3220C008A48C3 /* Assets.xcassets in Resources */,
				D44B12CC1BF3220C008A48C3 /* Main.storyboard in Resources */,
			);
			runOnlyForDeploymentPostprocessing = 0;
		};
/* End PBXResourcesBuildPhase section */

/* Begin PBXSourcesBuildPhase section */
		D44B12BF1BF3220C008A48C3 /* Sources */ = {
			isa = PBXSourcesBuildPhase;
			buildActionMask = 2147483647;
			files = (
				D44B12DB1BF324BC008A48C3 /* MasterTableViewController.swift in Sources */,
				D44B12E41BF425FA008A48C3 /* ProfileTableViewController.swift in Sources */,
				D488C5E41BF444D70057693A /* NumberCell.swift in Sources */,
				D44B12E01BF41A0E008A48C3 /* HealthManager.swift in Sources */,
				D44B12C71BF3220C008A48C3 /* AppDelegate.swift in Sources */,
				D488C5E31BF444D70057693A /* DatePickerCell.swift in Sources */,
			);
			runOnlyForDeploymentPostprocessing = 0;
		};
/* End PBXSourcesBuildPhase section */

/* Begin PBXVariantGroup section */
		D44B12CA1BF3220C008A48C3 /* Main.storyboard */ = {
			isa = PBXVariantGroup;
			children = (
				D44B12CB1BF3220C008A48C3 /* Base */,
			);
			name = Main.storyboard;
			sourceTree = "<group>";
		};
		D44B12CF1BF3220C008A48C3 /* LaunchScreen.storyboard */ = {
			isa = PBXVariantGroup;
			children = (
				D44B12D01BF3220C008A48C3 /* Base */,
			);
			name = LaunchScreen.storyboard;
			sourceTree = "<group>";
		};
/* End PBXVariantGroup section */

/* Begin XCBuildConfiguration section */
		D44B12D31BF3220C008A48C3 /* Debug */ = {
			isa = XCBuildConfiguration;
			buildSettings = {
				ALWAYS_SEARCH_USER_PATHS = NO;
				CLANG_CXX_LANGUAGE_STANDARD = "gnu++0x";
				CLANG_CXX_LIBRARY = "libc++";
				CLANG_ENABLE_MODULES = YES;
				CLANG_ENABLE_OBJC_ARC = YES;
				CLANG_WARN_BOOL_CONVERSION = YES;
				CLANG_WARN_CONSTANT_CONVERSION = YES;
				CLANG_WARN_DIRECT_OBJC_ISA_USAGE = YES_ERROR;
				CLANG_WARN_EMPTY_BODY = YES;
				CLANG_WARN_ENUM_CONVERSION = YES;
				CLANG_WARN_INT_CONVERSION = YES;
				CLANG_WARN_OBJC_ROOT_CLASS = YES_ERROR;
				CLANG_WARN_UNREACHABLE_CODE = YES;
				CLANG_WARN__DUPLICATE_METHOD_MATCH = YES;
				"CODE_SIGN_IDENTITY[sdk=iphoneos*]" = "iPhone Developer";
				COPY_PHASE_STRIP = NO;
				DEBUG_INFORMATION_FORMAT = dwarf;
				ENABLE_STRICT_OBJC_MSGSEND = YES;
				ENABLE_TESTABILITY = YES;
				GCC_C_LANGUAGE_STANDARD = gnu99;
				GCC_DYNAMIC_NO_PIC = NO;
				GCC_NO_COMMON_BLOCKS = YES;
				GCC_OPTIMIZATION_LEVEL = 0;
				GCC_PREPROCESSOR_DEFINITIONS = (
					"DEBUG=1",
					"$(inherited)",
				);
				GCC_WARN_64_TO_32_BIT_CONVERSION = YES;
				GCC_WARN_ABOUT_RETURN_TYPE = YES_ERROR;
				GCC_WARN_UNDECLARED_SELECTOR = YES;
				GCC_WARN_UNINITIALIZED_AUTOS = YES_AGGRESSIVE;
				GCC_WARN_UNUSED_FUNCTION = YES;
				GCC_WARN_UNUSED_VARIABLE = YES;
				IPHONEOS_DEPLOYMENT_TARGET = 9.1;
				MTL_ENABLE_DEBUG_INFO = YES;
				ONLY_ACTIVE_ARCH = YES;
				SDKROOT = iphoneos;
				SWIFT_OPTIMIZATION_LEVEL = "-Onone";
			};
			name = Debug;
		};
		D44B12D41BF3220C008A48C3 /* Release */ = {
			isa = XCBuildConfiguration;
			buildSettings = {
				ALWAYS_SEARCH_USER_PATHS = NO;
				CLANG_CXX_LANGUAGE_STANDARD = "gnu++0x";
				CLANG_CXX_LIBRARY = "libc++";
				CLANG_ENABLE_MODULES = YES;
				CLANG_ENABLE_OBJC_ARC = YES;
				CLANG_WARN_BOOL_CONVERSION = YES;
				CLANG_WARN_CONSTANT_CONVERSION = YES;
				CLANG_WARN_DIRECT_OBJC_ISA_USAGE = YES_ERROR;
				CLANG_WARN_EMPTY_BODY = YES;
				CLANG_WARN_ENUM_CONVERSION = YES;
				CLANG_WARN_INT_CONVERSION = YES;
				CLANG_WARN_OBJC_ROOT_CLASS = YES_ERROR;
				CLANG_WARN_UNREACHABLE_CODE = YES;
				CLANG_WARN__DUPLICATE_METHOD_MATCH = YES;
				"CODE_SIGN_IDENTITY[sdk=iphoneos*]" = "iPhone Developer";
				COPY_PHASE_STRIP = NO;
				DEBUG_INFORMATION_FORMAT = "dwarf-with-dsym";
				ENABLE_NS_ASSERTIONS = NO;
				ENABLE_STRICT_OBJC_MSGSEND = YES;
				GCC_C_LANGUAGE_STANDARD = gnu99;
				GCC_NO_COMMON_BLOCKS = YES;
				GCC_WARN_64_TO_32_BIT_CONVERSION = YES;
				GCC_WARN_ABOUT_RETURN_TYPE = YES_ERROR;
				GCC_WARN_UNDECLARED_SELECTOR = YES;
				GCC_WARN_UNINITIALIZED_AUTOS = YES_AGGRESSIVE;
				GCC_WARN_UNUSED_FUNCTION = YES;
				GCC_WARN_UNUSED_VARIABLE = YES;
				IPHONEOS_DEPLOYMENT_TARGET = 9.1;
				MTL_ENABLE_DEBUG_INFO = NO;
				SDKROOT = iphoneos;
				VALIDATE_PRODUCT = YES;
			};
			name = Release;
		};
		D44B12D61BF3220C008A48C3 /* Debug */ = {
			isa = XCBuildConfiguration;
			buildSettings = {
				ASSETCATALOG_COMPILER_APPICON_NAME = AppIcon;
				CODE_SIGN_ENTITLEMENTS = HealthKitTutorial/HealthKitTutorial.entitlements;
				CODE_SIGN_IDENTITY = "iPhone Developer";
				"CODE_SIGN_IDENTITY[sdk=iphoneos*]" = "iPhone Developer";
				INFOPLIST_FILE = HealthKitTutorial/Info.plist;
				IPHONEOS_DEPLOYMENT_TARGET = 8.1;
				LD_RUNPATH_SEARCH_PATHS = "$(inherited) @executable_path/Frameworks";
				PRODUCT_BUNDLE_IDENTIFIER = com.anta.HealthKitTutorial;
				PRODUCT_NAME = "$(TARGET_NAME)";
				PROVISIONING_PROFILE = "";
			};
			name = Debug;
		};
		D44B12D71BF3220C008A48C3 /* Release */ = {
			isa = XCBuildConfiguration;
			buildSettings = {
				ASSETCATALOG_COMPILER_APPICON_NAME = AppIcon;
				CODE_SIGN_ENTITLEMENTS = HealthKitTutorial/HealthKitTutorial.entitlements;
				CODE_SIGN_IDENTITY = "iPhone Developer";
				"CODE_SIGN_IDENTITY[sdk=iphoneos*]" = "iPhone Developer";
				INFOPLIST_FILE = HealthKitTutorial/Info.plist;
				IPHONEOS_DEPLOYMENT_TARGET = 8.1;
				LD_RUNPATH_SEARCH_PATHS = "$(inherited) @executable_path/Frameworks";
				PRODUCT_BUNDLE_IDENTIFIER = com.anta.HealthKitTutorial;
				PRODUCT_NAME = "$(TARGET_NAME)";
				PROVISIONING_PROFILE = "";
			};
			name = Release;
		};
/* End XCBuildConfiguration section */

/* Begin XCConfigurationList section */
		D44B12BE1BF3220C008A48C3 /* Build configuration list for PBXProject "HealthKitTutorial" */ = {
			isa = XCConfigurationList;
			buildConfigurations = (
				D44B12D31BF3220C008A48C3 /* Debug */,
				D44B12D41BF3220C008A48C3 /* Release */,
			);
			defaultConfigurationIsVisible = 0;
			defaultConfigurationName = Release;
		};
		D44B12D51BF3220C008A48C3 /* Build configuration list for PBXNativeTarget "HealthKitTutorial" */ = {
			isa = XCConfigurationList;
			buildConfigurations = (
				D44B12D61BF3220C008A48C3 /* Debug */,
				D44B12D71BF3220C008A48C3 /* Release */,
			);
			defaultConfigurationIsVisible = 0;
			defaultConfigurationName = Release;
		};
/* End XCConfigurationList section */
	};
	rootObject = D44B12BB1BF3220C008A48C3 /* Project object */;
}
