// !$*UTF8*$!
{
	archiveVersion = 1;
	classes = {
	};
	objectVersion = 46;
	objects = {

/* Begin PBXBuildFile section */
		D41ADA181BE7044300A15358 /* AppDelegate.swift in Sources */ = {isa = PBXBuildFile; fileRef = D41ADA171BE7044300A15358 /* AppDelegate.swift */; };
		D41ADA1A1BE7044300A15358 /* ViewController.swift in Sources */ = {isa = PBXBuildFile; fileRef = D41ADA191BE7044300A15358 /* ViewController.swift */; };
		D41ADA1D1BE7044300A15358 /* Main.storyboard in Resources */ = {isa = PBXBuildFile; fileRef = D41ADA1B1BE7044300A15358 /* Main.storyboard */; };
		D41ADA1F1BE7044300A15358 /* Assets.xcassets in Resources */ = {isa = PBXBuildFile; fileRef = D41ADA1E1BE7044300A15358 /* Assets.xcassets */; };
		D41ADA221BE7044300A15358 /* LaunchScreen.storyboard in Resources */ = {isa = PBXBuildFile; fileRef = D41ADA201BE7044300A15358 /* LaunchScreen.storyboard */; };
/* End PBXBuildFile section */

/* Begin PBXFileReference section */
		D41ADA141BE7044300A15358 /* MJRefresh.app */ = {isa = PBXFileReference; explicitFileType = wrapper.application; includeInIndex = 0; path = MJRefresh.app; sourceTree = BUILT_PRODUCTS_DIR; };
		D41ADA171BE7044300A15358 /* AppDelegate.swift */ = {isa = PBXFileReference; lastKnownFileType = sourcecode.swift; path = AppDelegate.swift; sourceTree = "<group>"; };
		D41ADA191BE7044300A15358 /* ViewController.swift */ = {isa = PBXFileReference; lastKnownFileType = sourcecode.swift; path = ViewController.swift; sourceTree = "<group>"; };
		D41ADA1C1BE7044300A15358 /* Base */ = {isa = PBXFileReference; lastKnownFileType = file.storyboard; name = Base; path = Base.lproj/Main.storyboard; sourceTree = "<group>"; };
		D41ADA1E1BE7044300A15358 /* Assets.xcassets */ = {isa = PBXFileReference; lastKnownFileType = folder.assetcatalog; path = Assets.xcassets; sourceTree = "<group>"; };
		D41ADA211BE7044300A15358 /* Base */ = {isa = PBXFileReference; lastKnownFileType = file.storyboard; name = Base; path = Base.lproj/LaunchScreen.storyboard; sourceTree = "<group>"; };
		D41ADA231BE7044300A15358 /* Info.plist */ = {isa = PBXFileReference; lastKnownFileType = text.plist.xml; path = Info.plist; sourceTree = "<group>"; };
/* End PBXFileReference section */

/* Begin PBXFrameworksBuildPhase section */
		D41ADA111BE7044300A15358 /* Frameworks */ = {
			isa = PBXFrameworksBuildPhase;
			buildActionMask = 2147483647;
			files = (
			);
			runOnlyForDeploymentPostprocessing = 0;
		};
/* End PBXFrameworksBuildPhase section */

/* Begin PBXGroup section */
		D41ADA0B1BE7044300A15358 = {
			isa = PBXGroup;
			children = (
				D41ADA161BE7044300A15358 /* MJRefresh */,
				D41ADA151BE7044300A15358 /* Products */,
			);
			sourceTree = "<group>";
		};
		D41ADA151BE7044300A15358 /* Products */ = {
			isa = PBXGroup;
			children = (
				D41ADA141BE7044300A15358 /* MJRefresh.app */,
			);
			name = Products;
			sourceTree = "<group>";
		};
		D41ADA161BE7044300A15358 /* MJRefresh */ = {
			isa = PBXGroup;
			children = (
				D41ADA171BE7044300A15358 /* AppDelegate.swift */,
				D41ADA191BE7044300A15358 /* ViewController.swift */,
				D41ADA1B1BE7044300A15358 /* Main.storyboard */,
				D41ADA1E1BE7044300A15358 /* Assets.xcassets */,
				D41ADA201BE7044300A15358 /* LaunchScreen.storyboard */,
				D41ADA231BE7044300A15358 /* Info.plist */,
			);
			path = MJRefresh;
			sourceTree = "<group>";
		};
/* End PBXGroup section */

/* Begin PBXNativeTarget section */
		D41ADA131BE7044300A15358 /* MJRefresh */ = {
			isa = PBXNativeTarget;
			buildConfigurationList = D41ADA261BE7044300A15358 /* Build configuration list for PBXNativeTarget "MJRefresh" */;
			buildPhases = (
				D41ADA101BE7044300A15358 /* Sources */,
				D41ADA111BE7044300A15358 /* Frameworks */,
				D41ADA121BE7044300A15358 /* Resources */,
			);
			buildRules = (
			);
			dependencies = (
			);
			name = MJRefresh;
			productName = MJRefresh;
			productReference = D41ADA141BE7044300A15358 /* MJRefresh.app */;
			productType = "com.apple.product-type.application";
		};
/* End PBXNativeTarget section */

/* Begin PBXProject section */
		D41ADA0C1BE7044300A15358 /* Project object */ = {
			isa = PBXProject;
			attributes = {
				LastUpgradeCheck = 0700;
				ORGANIZATIONNAME = Anta;
				TargetAttributes = {
					D41ADA131BE7044300A15358 = {
						CreatedOnToolsVersion = 7.0.1;
					};
				};
			};
			buildConfigurationList = D41ADA0F1BE7044300A15358 /* Build configuration list for PBXProject "MJRefresh" */;
			compatibilityVersion = "Xcode 3.2";
			developmentRegion = English;
			hasScannedForEncodings = 0;
			knownRegions = (
				en,
				Base,
			);
			mainGroup = D41ADA0B1BE7044300A15358;
			productRefGroup = D41ADA151BE7044300A15358 /* Products */;
			projectDirPath = "";
			projectRoot = "";
			targets = (
				D41ADA131BE7044300A15358 /* MJRefresh */,
			);
		};
/* End PBXProject section */

/* Begin PBXResourcesBuildPhase section */
		D41ADA121BE7044300A15358 /* Resources */ = {
			isa = PBXResourcesBuildPhase;
			buildActionMask = 2147483647;
			files = (
				D41ADA221BE7044300A15358 /* LaunchScreen.storyboard in Resources */,
				D41ADA1F1BE7044300A15358 /* Assets.xcassets in Resources */,
				D41ADA1D1BE7044300A15358 /* Main.storyboard in Resources */,
			);
			runOnlyForDeploymentPostprocessing = 0;
		};
/* End PBXResourcesBuildPhase section */

/* Begin PBXSourcesBuildPhase section */
		D41ADA101BE7044300A15358 /* Sources */ = {
			isa = PBXSourcesBuildPhase;
			buildActionMask = 2147483647;
			files = (
				D41ADA1A1BE7044300A15358 /* ViewController.swift in Sources */,
				D41ADA181BE7044300A15358 /* AppDelegate.swift in Sources */,
			);
			runOnlyForDeploymentPostprocessing = 0;
		};
/* End PBXSourcesBuildPhase section */

/* Begin PBXVariantGroup section */
		D41ADA1B1BE7044300A15358 /* Main.storyboard */ = {
			isa = PBXVariantGroup;
			children = (
				D41ADA1C1BE7044300A15358 /* Base */,
			);
			name = Main.storyboard;
			sourceTree = "<group>";
		};
		D41ADA201BE7044300A15358 /* LaunchScreen.storyboard */ = {
			isa = PBXVariantGroup;
			children = (
				D41ADA211BE7044300A15358 /* Base */,
			);
			name = LaunchScreen.storyboard;
			sourceTree = "<group>";
		};
/* End PBXVariantGroup section */

/* Begin XCBuildConfiguration section */
		D41ADA241BE7044300A15358 /* Debug */ = {
			isa = XCBuildConfiguration;
			buildSettings = {
				ALWAYS_SEARCH_USER_PATHS = NO;
				CLANG_CXX_LANGUAGE_STANDARD = "gnu++0x";
				CLANG_CXX_LIBRARY = "libc++";
				CLANG_ENABLE_MODULES = YES;
				CLANG_ENABLE_OBJC_ARC = YES;
				CLANG_WARN_BOOL_CONVERSION = YES;
				CLANG_WARN_CONSTANT_CONVERSION = YES;
				CLANG_WARN_DIRECT_OBJC_ISA_USAGE = YES_ERROR;
				CLANG_WARN_EMPTY_BODY = YES;
				CLANG_WARN_ENUM_CONVERSION = YES;
				CLANG_WARN_INT_CONVERSION = YES;
				CLANG_WARN_OBJC_ROOT_CLASS = YES_ERROR;
				CLANG_WARN_UNREACHABLE_CODE = YES;
				CLANG_WARN__DUPLICATE_METHOD_MATCH = YES;
				"CODE_SIGN_IDENTITY[sdk=iphoneos*]" = "iPhone Developer";
				COPY_PHASE_STRIP = NO;
				DEBUG_INFORMATION_FORMAT = dwarf;
				ENABLE_STRICT_OBJC_MSGSEND = YES;
				ENABLE_TESTABILITY = YES;
				GCC_C_LANGUAGE_STANDARD = gnu99;
				GCC_DYNAMIC_NO_PIC = NO;
				GCC_NO_COMMON_BLOCKS = YES;
				GCC_OPTIMIZATION_LEVEL = 0;
				GCC_PREPROCESSOR_DEFINITIONS = (
					"DEBUG=1",
					"$(inherited)",
				);
				GCC_WARN_64_TO_32_BIT_CONVERSION = YES;
				GCC_WARN_ABOUT_RETURN_TYPE = YES_ERROR;
				GCC_WARN_UNDECLARED_SELECTOR = YES;
				GCC_WARN_UNINITIALIZED_AUTOS = YES_AGGRESSIVE;
				GCC_WARN_UNUSED_FUNCTION = YES;
				GCC_WARN_UNUSED_VARIABLE = YES;
				IPHONEOS_DEPLOYMENT_TARGET = 9.0;
				MTL_ENABLE_DEBUG_INFO = YES;
				ONLY_ACTIVE_ARCH = YES;
				SDKROOT = iphoneos;
				SWIFT_OPTIMIZATION_LEVEL = "-Onone";
				TARGETED_DEVICE_FAMILY = "1,2";
			};
			name = Debug;
		};
		D41ADA251BE7044300A15358 /* Release */ = {
			isa = XCBuildConfiguration;
			buildSettings = {
				ALWAYS_SEARCH_USER_PATHS = NO;
				CLANG_CXX_LANGUAGE_STANDARD = "gnu++0x";
				CLANG_CXX_LIBRARY = "libc++";
				CLANG_ENABLE_MODULES = YES;
				CLANG_ENABLE_OBJC_ARC = YES;
				CLANG_WARN_BOOL_CONVERSION = YES;
				CLANG_WARN_CONSTANT_CONVERSION = YES;
				CLANG_WARN_DIRECT_OBJC_ISA_USAGE = YES_ERROR;
				CLANG_WARN_EMPTY_BODY = YES;
				CLANG_WARN_ENUM_CONVERSION = YES;
				CLANG_WARN_INT_CONVERSION = YES;
				CLANG_WARN_OBJC_ROOT_CLASS = YES_ERROR;
				CLANG_WARN_UNREACHABLE_CODE = YES;
				CLANG_WARN__DUPLICATE_METHOD_MATCH = YES;
				"CODE_SIGN_IDENTITY[sdk=iphoneos*]" = "iPhone Developer";
				COPY_PHASE_STRIP = NO;
				DEBUG_INFORMATION_FORMAT = "dwarf-with-dsym";
				ENABLE_NS_ASSERTIONS = NO;
				ENABLE_STRICT_OBJC_MSGSEND = YES;
				GCC_C_LANGUAGE_STANDARD = gnu99;
				GCC_NO_COMMON_BLOCKS = YES;
				GCC_WARN_64_TO_32_BIT_CONVERSION = YES;
				GCC_WARN_ABOUT_RETURN_TYPE = YES_ERROR;
				GCC_WARN_UNDECLARED_SELECTOR = YES;
				GCC_WARN_UNINITIALIZED_AUTOS = YES_AGGRESSIVE;
				GCC_WARN_UNUSED_FUNCTION = YES;
				GCC_WARN_UNUSED_VARIABLE = YES;
				IPHONEOS_DEPLOYMENT_TARGET = 9.0;
				MTL_ENABLE_DEBUG_INFO = NO;
				SDKROOT = iphoneos;
				TARGETED_DEVICE_FAMILY = "1,2";
				VALIDATE_PRODUCT = YES;
			};
			name = Release;
		};
		D41ADA271BE7044300A15358 /* Debug */ = {
			isa = XCBuildConfiguration;
			buildSettings = {
				ASSETCATALOG_COMPILER_APPICON_NAME = AppIcon;
				INFOPLIST_FILE = MJRefresh/Info.plist;
				LD_RUNPATH_SEARCH_PATHS = "$(inherited) @executable_path/Frameworks";
				PRODUCT_BUNDLE_IDENTIFIER = Anta.Joey.MJRefresh;
				PRODUCT_NAME = "$(TARGET_NAME)";
			};
			name = Debug;
		};
		D41ADA281BE7044300A15358 /* Release */ = {
			isa = XCBuildConfiguration;
			buildSettings = {
				ASSETCATALOG_COMPILER_APPICON_NAME = AppIcon;
				INFOPLIST_FILE = MJRefresh/Info.plist;
				LD_RUNPATH_SEARCH_PATHS = "$(inherited) @executable_path/Frameworks";
				PRODUCT_BUNDLE_IDENTIFIER = Anta.Joey.MJRefresh;
				PRODUCT_NAME = "$(TARGET_NAME)";
			};
			name = Release;
		};
/* End XCBuildConfiguration section */

/* Begin XCConfigurationList section */
		D41ADA0F1BE7044300A15358 /* Build configuration list for PBXProject "MJRefresh" */ = {
			isa = XCConfigurationList;
			buildConfigurations = (
				D41ADA241BE7044300A15358 /* Debug */,
				D41ADA251BE7044300A15358 /* Release */,
			);
			defaultConfigurationIsVisible = 0;
			defaultConfigurationName = Release;
		};
		D41ADA261BE7044300A15358 /* Build configuration list for PBXNativeTarget "MJRefresh" */ = {
			isa = XCConfigurationList;
			buildConfigurations = (
				D41ADA271BE7044300A15358 /* Debug */,
				D41ADA281BE7044300A15358 /* Release */,
			);
			defaultConfigurationIsVisible = 0;
		};
/* End XCConfigurationList section */
	};
	rootObject = D41ADA0C1BE7044300A15358 /* Project object */;
}
