// !$*UTF8*$!
{
	archiveVersion = 1;
	classes = {
	};
	objectVersion = 46;
	objects = {

/* Begin PBXBuildFile section */
		D4A48AF81CE16F4F008DDF99 /* GraphView.swift in Sources */ = {isa = PBXBuildFile; fileRef = D4A48AF71CE16F4F008DDF99 /* GraphView.swift */; };
		D4F388011CDC2EAC001AFDAA /* AppDelegate.swift in Sources */ = {isa = PBXBuildFile; fileRef = D4F388001CDC2EAC001AFDAA /* AppDelegate.swift */; };
		D4F388061CDC2EAC001AFDAA /* Main.storyboard in Resources */ = {isa = PBXBuildFile; fileRef = D4F388041CDC2EAC001AFDAA /* Main.storyboard */; };
		D4F388081CDC2EAC001AFDAA /* Assets.xcassets in Resources */ = {isa = PBXBuildFile; fileRef = D4F388071CDC2EAC001AFDAA /* Assets.xcassets */; };
		D4F3880B1CDC2EAC001AFDAA /* LaunchScreen.storyboard in Resources */ = {isa = PBXBuildFile; fileRef = D4F388091CDC2EAC001AFDAA /* LaunchScreen.storyboard */; };
		D4F388131CDC2FF0001AFDAA /* PushButtonView.swift in Sources */ = {isa = PBXBuildFile; fileRef = D4F388121CDC2FF0001AFDAA /* PushButtonView.swift */; };
		D4F388151CDC7F77001AFDAA /* CounterView.swift in Sources */ = {isa = PBXBuildFile; fileRef = D4F388141CDC7F77001AFDAA /* CounterView.swift */; };
		D4F388171CE08316001AFDAA /* FloViewController.swift in Sources */ = {isa = PBXBuildFile; fileRef = D4F388161CE08316001AFDAA /* FloViewController.swift */; };
/* End PBXBuildFile section */

/* Begin PBXFileReference section */
		D4A48AF71CE16F4F008DDF99 /* GraphView.swift */ = {isa = PBXFileReference; fileEncoding = 4; lastKnownFileType = sourcecode.swift; path = GraphView.swift; sourceTree = "<group>"; };
		D4F387FD1CDC2EAC001AFDAA /* Flo.app */ = {isa = PBXFileReference; explicitFileType = wrapper.application; includeInIndex = 0; path = Flo.app; sourceTree = BUILT_PRODUCTS_DIR; };
		D4F388001CDC2EAC001AFDAA /* AppDelegate.swift */ = {isa = PBXFileReference; lastKnownFileType = sourcecode.swift; path = AppDelegate.swift; sourceTree = "<group>"; };
		D4F388051CDC2EAC001AFDAA /* Base */ = {isa = PBXFileReference; lastKnownFileType = file.storyboard; name = Base; path = Base.lproj/Main.storyboard; sourceTree = "<group>"; };
		D4F388071CDC2EAC001AFDAA /* Assets.xcassets */ = {isa = PBXFileReference; lastKnownFileType = folder.assetcatalog; path = Assets.xcassets; sourceTree = "<group>"; };
		D4F3880A1CDC2EAC001AFDAA /* Base */ = {isa = PBXFileReference; lastKnownFileType = file.storyboard; name = Base; path = Base.lproj/LaunchScreen.storyboard; sourceTree = "<group>"; };
		D4F3880C1CDC2EAC001AFDAA /* Info.plist */ = {isa = PBXFileReference; lastKnownFileType = text.plist.xml; path = Info.plist; sourceTree = "<group>"; };
		D4F388121CDC2FF0001AFDAA /* PushButtonView.swift */ = {isa = PBXFileReference; fileEncoding = 4; lastKnownFileType = sourcecode.swift; path = PushButtonView.swift; sourceTree = "<group>"; };
		D4F388141CDC7F77001AFDAA /* CounterView.swift */ = {isa = PBXFileReference; fileEncoding = 4; lastKnownFileType = sourcecode.swift; path = CounterView.swift; sourceTree = "<group>"; };
		D4F388161CE08316001AFDAA /* FloViewController.swift */ = {isa = PBXFileReference; fileEncoding = 4; lastKnownFileType = sourcecode.swift; path = FloViewController.swift; sourceTree = "<group>"; };
/* End PBXFileReference section */

/* Begin PBXFrameworksBuildPhase section */
		D4F387FA1CDC2EAC001AFDAA /* Frameworks */ = {
			isa = PBXFrameworksBuildPhase;
			buildActionMask = 2147483647;
			files = (
			);
			runOnlyForDeploymentPostprocessing = 0;
		};
/* End PBXFrameworksBuildPhase section */

/* Begin PBXGroup section */
		D4F387F41CDC2EAC001AFDAA = {
			isa = PBXGroup;
			children = (
				D4F387FF1CDC2EAC001AFDAA /* Flo */,
				D4F387FE1CDC2EAC001AFDAA /* Products */,
			);
			sourceTree = "<group>";
		};
		D4F387FE1CDC2EAC001AFDAA /* Products */ = {
			isa = PBXGroup;
			children = (
				D4F387FD1CDC2EAC001AFDAA /* Flo.app */,
			);
			name = Products;
			sourceTree = "<group>";
		};
		D4F387FF1CDC2EAC001AFDAA /* Flo */ = {
			isa = PBXGroup;
			children = (
				D4F388001CDC2EAC001AFDAA /* AppDelegate.swift */,
				D4F388041CDC2EAC001AFDAA /* Main.storyboard */,
				D4F388071CDC2EAC001AFDAA /* Assets.xcassets */,
				D4F388091CDC2EAC001AFDAA /* LaunchScreen.storyboard */,
				D4F3880C1CDC2EAC001AFDAA /* Info.plist */,
				D4F388121CDC2FF0001AFDAA /* PushButtonView.swift */,
				D4F388141CDC7F77001AFDAA /* CounterView.swift */,
				D4F388161CE08316001AFDAA /* FloViewController.swift */,
				D4A48AF71CE16F4F008DDF99 /* GraphView.swift */,
			);
			path = Flo;
			sourceTree = "<group>";
		};
/* End PBXGroup section */

/* Begin PBXNativeTarget section */
		D4F387FC1CDC2EAC001AFDAA /* Flo */ = {
			isa = PBXNativeTarget;
			buildConfigurationList = D4F3880F1CDC2EAC001AFDAA /* Build configuration list for PBXNativeTarget "Flo" */;
			buildPhases = (
				D4F387F91CDC2EAC001AFDAA /* Sources */,
				D4F387FA1CDC2EAC001AFDAA /* Frameworks */,
				D4F387FB1CDC2EAC001AFDAA /* Resources */,
			);
			buildRules = (
			);
			dependencies = (
			);
			name = Flo;
			productName = Flo;
			productReference = D4F387FD1CDC2EAC001AFDAA /* Flo.app */;
			productType = "com.apple.product-type.application";
		};
/* End PBXNativeTarget section */

/* Begin PBXProject section */
		D4F387F51CDC2EAC001AFDAA /* Project object */ = {
			isa = PBXProject;
			attributes = {
				LastSwiftUpdateCheck = 0730;
				LastUpgradeCheck = 0730;
				ORGANIZATIONNAME = Joey;
				TargetAttributes = {
					D4F387FC1CDC2EAC001AFDAA = {
						CreatedOnToolsVersion = 7.3;
					};
				};
			};
			buildConfigurationList = D4F387F81CDC2EAC001AFDAA /* Build configuration list for PBXProject "Flo" */;
			compatibilityVersion = "Xcode 3.2";
			developmentRegion = English;
			hasScannedForEncodings = 0;
			knownRegions = (
				en,
				Base,
			);
			mainGroup = D4F387F41CDC2EAC001AFDAA;
			productRefGroup = D4F387FE1CDC2EAC001AFDAA /* Products */;
			projectDirPath = "";
			projectRoot = "";
			targets = (
				D4F387FC1CDC2EAC001AFDAA /* Flo */,
			);
		};
/* End PBXProject section */

/* Begin PBXResourcesBuildPhase section */
		D4F387FB1CDC2EAC001AFDAA /* Resources */ = {
			isa = PBXResourcesBuildPhase;
			buildActionMask = 2147483647;
			files = (
				D4F3880B1CDC2EAC001AFDAA /* LaunchScreen.storyboard in Resources */,
				D4F388081CDC2EAC001AFDAA /* Assets.xcassets in Resources */,
				D4F388061CDC2EAC001AFDAA /* Main.storyboard in Resources */,
			);
			runOnlyForDeploymentPostprocessing = 0;
		};
/* End PBXResourcesBuildPhase section */

/* Begin PBXSourcesBuildPhase section */
		D4F387F91CDC2EAC001AFDAA /* Sources */ = {
			isa = PBXSourcesBuildPhase;
			buildActionMask = 2147483647;
			files = (
				D4A48AF81CE16F4F008DDF99 /* GraphView.swift in Sources */,
				D4F388131CDC2FF0001AFDAA /* PushButtonView.swift in Sources */,
				D4F388011CDC2EAC001AFDAA /* AppDelegate.swift in Sources */,
				D4F388171CE08316001AFDAA /* FloViewController.swift in Sources */,
				D4F388151CDC7F77001AFDAA /* CounterView.swift in Sources */,
			);
			runOnlyForDeploymentPostprocessing = 0;
		};
/* End PBXSourcesBuildPhase section */

/* Begin PBXVariantGroup section */
		D4F388041CDC2EAC001AFDAA /* Main.storyboard */ = {
			isa = PBXVariantGroup;
			children = (
				D4F388051CDC2EAC001AFDAA /* Base */,
			);
			name = Main.storyboard;
			sourceTree = "<group>";
		};
		D4F388091CDC2EAC001AFDAA /* LaunchScreen.storyboard */ = {
			isa = PBXVariantGroup;
			children = (
				D4F3880A1CDC2EAC001AFDAA /* Base */,
			);
			name = LaunchScreen.storyboard;
			sourceTree = "<group>";
		};
/* End PBXVariantGroup section */

/* Begin XCBuildConfiguration section */
		D4F3880D1CDC2EAC001AFDAA /* Debug */ = {
			isa = XCBuildConfiguration;
			buildSettings = {
				ALWAYS_SEARCH_USER_PATHS = NO;
				CLANG_ANALYZER_NONNULL = YES;
				CLANG_CXX_LANGUAGE_STANDARD = "gnu++0x";
				CLANG_CXX_LIBRARY = "libc++";
				CLANG_ENABLE_MODULES = YES;
				CLANG_ENABLE_OBJC_ARC = YES;
				CLANG_WARN_BOOL_CONVERSION = YES;
				CLANG_WARN_CONSTANT_CONVERSION = YES;
				CLANG_WARN_DIRECT_OBJC_ISA_USAGE = YES_ERROR;
				CLANG_WARN_EMPTY_BODY = YES;
				CLANG_WARN_ENUM_CONVERSION = YES;
				CLANG_WARN_INT_CONVERSION = YES;
				CLANG_WARN_OBJC_ROOT_CLASS = YES_ERROR;
				CLANG_WARN_UNREACHABLE_CODE = YES;
				CLANG_WARN__DUPLICATE_METHOD_MATCH = YES;
				"CODE_SIGN_IDENTITY[sdk=iphoneos*]" = "iPhone Developer";
				COPY_PHASE_STRIP = NO;
				DEBUG_INFORMATION_FORMAT = dwarf;
				ENABLE_STRICT_OBJC_MSGSEND = YES;
				ENABLE_TESTABILITY = YES;
				GCC_C_LANGUAGE_STANDARD = gnu99;
				GCC_DYNAMIC_NO_PIC = NO;
				GCC_NO_COMMON_BLOCKS = YES;
				GCC_OPTIMIZATION_LEVEL = 0;
				GCC_PREPROCESSOR_DEFINITIONS = (
					"DEBUG=1",
					"$(inherited)",
				);
				GCC_WARN_64_TO_32_BIT_CONVERSION = YES;
				GCC_WARN_ABOUT_RETURN_TYPE = YES_ERROR;
				GCC_WARN_UNDECLARED_SELECTOR = YES;
				GCC_WARN_UNINITIALIZED_AUTOS = YES_AGGRESSIVE;
				GCC_WARN_UNUSED_FUNCTION = YES;
				GCC_WARN_UNUSED_VARIABLE = YES;
				IPHONEOS_DEPLOYMENT_TARGET = 9.3;
				MTL_ENABLE_DEBUG_INFO = YES;
				ONLY_ACTIVE_ARCH = YES;
				SDKROOT = iphoneos;
				SWIFT_OPTIMIZATION_LEVEL = "-Onone";
			};
			name = Debug;
		};
		D4F3880E1CDC2EAC001AFDAA /* Release */ = {
			isa = XCBuildConfiguration;
			buildSettings = {
				ALWAYS_SEARCH_USER_PATHS = NO;
				CLANG_ANALYZER_NONNULL = YES;
				CLANG_CXX_LANGUAGE_STANDARD = "gnu++0x";
				CLANG_CXX_LIBRARY = "libc++";
				CLANG_ENABLE_MODULES = YES;
				CLANG_ENABLE_OBJC_ARC = YES;
				CLANG_WARN_BOOL_CONVERSION = YES;
				CLANG_WARN_CONSTANT_CONVERSION = YES;
				CLANG_WARN_DIRECT_OBJC_ISA_USAGE = YES_ERROR;
				CLANG_WARN_EMPTY_BODY = YES;
				CLANG_WARN_ENUM_CONVERSION = YES;
				CLANG_WARN_INT_CONVERSION = YES;
				CLANG_WARN_OBJC_ROOT_CLASS = YES_ERROR;
				CLANG_WARN_UNREACHABLE_CODE = YES;
				CLANG_WARN__DUPLICATE_METHOD_MATCH = YES;
				"CODE_SIGN_IDENTITY[sdk=iphoneos*]" = "iPhone Developer";
				COPY_PHASE_STRIP = NO;
				DEBUG_INFORMATION_FORMAT = "dwarf-with-dsym";
				ENABLE_NS_ASSERTIONS = NO;
				ENABLE_STRICT_OBJC_MSGSEND = YES;
				GCC_C_LANGUAGE_STANDARD = gnu99;
				GCC_NO_COMMON_BLOCKS = YES;
				GCC_WARN_64_TO_32_BIT_CONVERSION = YES;
				GCC_WARN_ABOUT_RETURN_TYPE = YES_ERROR;
				GCC_WARN_UNDECLARED_SELECTOR = YES;
				GCC_WARN_UNINITIALIZED_AUTOS = YES_AGGRESSIVE;
				GCC_WARN_UNUSED_FUNCTION = YES;
				GCC_WARN_UNUSED_VARIABLE = YES;
				IPHONEOS_DEPLOYMENT_TARGET = 9.3;
				MTL_ENABLE_DEBUG_INFO = NO;
				SDKROOT = iphoneos;
				VALIDATE_PRODUCT = YES;
			};
			name = Release;
		};
		D4F388101CDC2EAC001AFDAA /* Debug */ = {
			isa = XCBuildConfiguration;
			buildSettings = {
				ASSETCATALOG_COMPILER_APPICON_NAME = AppIcon;
				INFOPLIST_FILE = Flo/Info.plist;
				LD_RUNPATH_SEARCH_PATHS = "$(inherited) @executable_path/Frameworks";
				PRODUCT_BUNDLE_IDENTIFIER = com.example.Flo;
				PRODUCT_NAME = "$(TARGET_NAME)";
			};
			name = Debug;
		};
		D4F388111CDC2EAC001AFDAA /* Release */ = {
			isa = XCBuildConfiguration;
			buildSettings = {
				ASSETCATALOG_COMPILER_APPICON_NAME = AppIcon;
				INFOPLIST_FILE = Flo/Info.plist;
				LD_RUNPATH_SEARCH_PATHS = "$(inherited) @executable_path/Frameworks";
				PRODUCT_BUNDLE_IDENTIFIER = com.example.Flo;
				PRODUCT_NAME = "$(TARGET_NAME)";
			};
			name = Release;
		};
/* End XCBuildConfiguration section */

/* Begin XCConfigurationList section */
		D4F387F81CDC2EAC001AFDAA /* Build configuration list for PBXProject "Flo" */ = {
			isa = XCConfigurationList;
			buildConfigurations = (
				D4F3880D1CDC2EAC001AFDAA /* Debug */,
				D4F3880E1CDC2EAC001AFDAA /* Release */,
			);
			defaultConfigurationIsVisible = 0;
			defaultConfigurationName = Release;
		};
		D4F3880F1CDC2EAC001AFDAA /* Build configuration list for PBXNativeTarget "Flo" */ = {
			isa = XCConfigurationList;
			buildConfigurations = (
				D4F388101CDC2EAC001AFDAA /* Debug */,
				D4F388111CDC2EAC001AFDAA /* Release */,
			);
			defaultConfigurationIsVisible = 0;
			defaultConfigurationName = Release;
		};
/* End XCConfigurationList section */
	};
	rootObject = D4F387F51CDC2EAC001AFDAA /* Project object */;
}
